// !$*UTF8*$!
{
	archiveVersion = 1;
	classes = {
	};
	objectVersion = 55;
	objects = {

/* Begin PBXBuildFile section */
		4962F8442826C833009AB085 /* AppDelegate.swift in Sources */ = {isa = PBXBuildFile; fileRef = 4962F8432826C833009AB085 /* AppDelegate.swift */; };
		4962F8462826C833009AB085 /* SceneDelegate.swift in Sources */ = {isa = PBXBuildFile; fileRef = 4962F8452826C833009AB085 /* SceneDelegate.swift */; };
		4962F8482826C833009AB085 /* CategoryViewController.swift in Sources */ = {isa = PBXBuildFile; fileRef = 4962F8472826C833009AB085 /* CategoryViewController.swift */; };
		4962F84B2826C833009AB085 /* Main.storyboard in Resources */ = {isa = PBXBuildFile; fileRef = 4962F8492826C833009AB085 /* Main.storyboard */; };
		4962F84D2826C83A009AB085 /* Assets.xcassets in Resources */ = {isa = PBXBuildFile; fileRef = 4962F84C2826C83A009AB085 /* Assets.xcassets */; };
		4962F8502826C83A009AB085 /* LaunchScreen.storyboard in Resources */ = {isa = PBXBuildFile; fileRef = 4962F84E2826C83A009AB085 /* LaunchScreen.storyboard */; };
		4962F8582826C88F009AB085 /* Constants.swift in Sources */ = {isa = PBXBuildFile; fileRef = 4962F8572826C88F009AB085 /* Constants.swift */; };
		4962F85A2826C8D9009AB085 /* ItemViewController.swift in Sources */ = {isa = PBXBuildFile; fileRef = 4962F8592826C8D9009AB085 /* ItemViewController.swift */; };
		4962F85F2826CC16009AB085 /* SwipeTableViewController.swift in Sources */ = {isa = PBXBuildFile; fileRef = 4962F85E2826CC16009AB085 /* SwipeTableViewController.swift */; };
		4962F8622826CF40009AB085 /* Category.swift in Sources */ = {isa = PBXBuildFile; fileRef = 4962F8612826CF40009AB085 /* Category.swift */; };
		4962F8642826CF56009AB085 /* Item.swift in Sources */ = {isa = PBXBuildFile; fileRef = 4962F8632826CF56009AB085 /* Item.swift */; };
		8E67146B848FBBE63B58DFE3 /* Pods_todododo.framework in Frameworks */ = {isa = PBXBuildFile; fileRef = 4EAEFEFE723DB9CBE0B24965 /* Pods_todododo.framework */; };
/* End PBXBuildFile section */

/* Begin PBXFileReference section */
		3D4D7F82A3AA1A8DFDC3B944 /* Pods-todododo.debug.xcconfig */ = {isa = PBXFileReference; includeInIndex = 1; lastKnownFileType = text.xcconfig; name = "Pods-todododo.debug.xcconfig"; path = "Target Support Files/Pods-todododo/Pods-todododo.debug.xcconfig"; sourceTree = "<group>"; };
		440FE839429CA21164C821D2 /* Pods-todododo.release.xcconfig */ = {isa = PBXFileReference; includeInIndex = 1; lastKnownFileType = text.xcconfig; name = "Pods-todododo.release.xcconfig"; path = "Target Support Files/Pods-todododo/Pods-todododo.release.xcconfig"; sourceTree = "<group>"; };
		4962F8402826C833009AB085 /* todododo.app */ = {isa = PBXFileReference; explicitFileType = wrapper.application; includeInIndex = 0; path = todododo.app; sourceTree = BUILT_PRODUCTS_DIR; };
		4962F8432826C833009AB085 /* AppDelegate.swift */ = {isa = PBXFileReference; lastKnownFileType = sourcecode.swift; path = AppDelegate.swift; sourceTree = "<group>"; };
		4962F8452826C833009AB085 /* SceneDelegate.swift */ = {isa = PBXFileReference; lastKnownFileType = sourcecode.swift; path = SceneDelegate.swift; sourceTree = "<group>"; };
		4962F8472826C833009AB085 /* CategoryViewController.swift */ = {isa = PBXFileReference; lastKnownFileType = sourcecode.swift; path = CategoryViewController.swift; sourceTree = "<group>"; };
		4962F84A2826C833009AB085 /* Base */ = {isa = PBXFileReference; lastKnownFileType = file.storyboard; name = Base; path = Base.lproj/Main.storyboard; sourceTree = "<group>"; };
		4962F84C2826C83A009AB085 /* Assets.xcassets */ = {isa = PBXFileReference; lastKnownFileType = folder.assetcatalog; path = Assets.xcassets; sourceTree = "<group>"; };
		4962F84F2826C83A009AB085 /* Base */ = {isa = PBXFileReference; lastKnownFileType = file.storyboard; name = Base; path = Base.lproj/LaunchScreen.storyboard; sourceTree = "<group>"; };
		4962F8512826C83A009AB085 /* Info.plist */ = {isa = PBXFileReference; lastKnownFileType = text.plist.xml; path = Info.plist; sourceTree = "<group>"; };
		4962F8572826C88F009AB085 /* Constants.swift */ = {isa = PBXFileReference; lastKnownFileType = sourcecode.swift; path = Constants.swift; sourceTree = "<group>"; };
		4962F8592826C8D9009AB085 /* ItemViewController.swift */ = {isa = PBXFileReference; lastKnownFileType = sourcecode.swift; path = ItemViewController.swift; sourceTree = "<group>"; };
		4962F85E2826CC16009AB085 /* SwipeTableViewController.swift */ = {isa = PBXFileReference; lastKnownFileType = sourcecode.swift; path = SwipeTableViewController.swift; sourceTree = "<group>"; };
		4962F8612826CF40009AB085 /* Category.swift */ = {isa = PBXFileReference; lastKnownFileType = sourcecode.swift; path = Category.swift; sourceTree = "<group>"; };
		4962F8632826CF56009AB085 /* Item.swift */ = {isa = PBXFileReference; lastKnownFileType = sourcecode.swift; path = Item.swift; sourceTree = "<group>"; };
		4EAEFEFE723DB9CBE0B24965 /* Pods_todododo.framework */ = {isa = PBXFileReference; explicitFileType = wrapper.framework; includeInIndex = 0; path = Pods_todododo.framework; sourceTree = BUILT_PRODUCTS_DIR; };
/* End PBXFileReference section */

/* Begin PBXFrameworksBuildPhase section */
		4962F83D2826C833009AB085 /* Frameworks */ = {
			isa = PBXFrameworksBuildPhase;
			buildActionMask = 2147483647;
			files = (
				8E67146B848FBBE63B58DFE3 /* Pods_todododo.framework in Frameworks */,
			);
			runOnlyForDeploymentPostprocessing = 0;
		};
/* End PBXFrameworksBuildPhase section */

/* Begin PBXGroup section */
		4962F8372826C833009AB085 = {
			isa = PBXGroup;
			children = (
				4962F8422826C833009AB085 /* todododo */,
				4962F8412826C833009AB085 /* Products */,
				FC36BCB7E48097478446DC38 /* Pods */,
				6461E188720955558F1C52B7 /* Frameworks */,
			);
			sourceTree = "<group>";
		};
		4962F8412826C833009AB085 /* Products */ = {
			isa = PBXGroup;
			children = (
				4962F8402826C833009AB085 /* todododo.app */,
			);
			name = Products;
			sourceTree = "<group>";
		};
		4962F8422826C833009AB085 /* todododo */ = {
			isa = PBXGroup;
			children = (
				4962F8602826CF34009AB085 /* Model */,
				4962F8432826C833009AB085 /* AppDelegate.swift */,
				4962F8452826C833009AB085 /* SceneDelegate.swift */,
				4962F85B2826C8F5009AB085 /* Controller */,
				4962F85C2826C8FB009AB085 /* View */,
				4962F85D2826C903009AB085 /* Supporting Files */,
				4962F8512826C83A009AB085 /* Info.plist */,
			);
			path = todododo;
			sourceTree = "<group>";
		};
		4962F85B2826C8F5009AB085 /* Controller */ = {
			isa = PBXGroup;
			children = (
				4962F8472826C833009AB085 /* CategoryViewController.swift */,
				4962F85E2826CC16009AB085 /* SwipeTableViewController.swift */,
				4962F8592826C8D9009AB085 /* ItemViewController.swift */,
			);
			path = Controller;
			sourceTree = "<group>";
		};
		4962F85C2826C8FB009AB085 /* View */ = {
			isa = PBXGroup;
			children = (
				4962F8492826C833009AB085 /* Main.storyboard */,
			);
			path = View;
			sourceTree = "<group>";
		};
		4962F85D2826C903009AB085 /* Supporting Files */ = {
			isa = PBXGroup;
			children = (
				4962F8572826C88F009AB085 /* Constants.swift */,
				4962F84C2826C83A009AB085 /* Assets.xcassets */,
				4962F84E2826C83A009AB085 /* LaunchScreen.storyboard */,
			);
			path = "Supporting Files";
			sourceTree = "<group>";
		};
		4962F8602826CF34009AB085 /* Model */ = {
			isa = PBXGroup;
			children = (
				4962F8612826CF40009AB085 /* Category.swift */,
				4962F8632826CF56009AB085 /* Item.swift */,
			);
			path = Model;
			sourceTree = "<group>";
		};
		6461E188720955558F1C52B7 /* Frameworks */ = {
			isa = PBXGroup;
			children = (
				4EAEFEFE723DB9CBE0B24965 /* Pods_todododo.framework */,
			);
			name = Frameworks;
			sourceTree = "<group>";
		};
		FC36BCB7E48097478446DC38 /* Pods */ = {
			isa = PBXGroup;
			children = (
				3D4D7F82A3AA1A8DFDC3B944 /* Pods-todododo.debug.xcconfig */,
				440FE839429CA21164C821D2 /* Pods-todododo.release.xcconfig */,
			);
			path = Pods;
			sourceTree = "<group>";
		};
/* End PBXGroup section */

/* Begin PBXNativeTarget section */
		4962F83F2826C833009AB085 /* todododo */ = {
			isa = PBXNativeTarget;
			buildConfigurationList = 4962F8542826C83A009AB085 /* Build configuration list for PBXNativeTarget "todododo" */;
			buildPhases = (
				7DFECAD5769F55AFDACB537A /* [CP] Check Pods Manifest.lock */,
				4962F83C2826C833009AB085 /* Sources */,
				4962F83D2826C833009AB085 /* Frameworks */,
				4962F83E2826C833009AB085 /* Resources */,
				C1206ADB99BD7A5B58C931DC /* [CP] Embed Pods Frameworks */,
			);
			buildRules = (
			);
			dependencies = (
			);
			name = todododo;
			productName = todododo;
			productReference = 4962F8402826C833009AB085 /* todododo.app */;
			productType = "com.apple.product-type.application";
		};
/* End PBXNativeTarget section */

/* Begin PBXProject section */
		4962F8382826C833009AB085 /* Project object */ = {
			isa = PBXProject;
			attributes = {
				BuildIndependentTargetsInParallel = 1;
				LastSwiftUpdateCheck = 1320;
				LastUpgradeCheck = 1320;
				TargetAttributes = {
					4962F83F2826C833009AB085 = {
						CreatedOnToolsVersion = 13.2.1;
					};
				};
			};
			buildConfigurationList = 4962F83B2826C833009AB085 /* Build configuration list for PBXProject "todododo" */;
			compatibilityVersion = "Xcode 13.0";
			developmentRegion = en;
			hasScannedForEncodings = 0;
			knownRegions = (
				en,
				Base,
			);
			mainGroup = 4962F8372826C833009AB085;
			productRefGroup = 4962F8412826C833009AB085 /* Products */;
			projectDirPath = "";
			projectRoot = "";
			targets = (
				4962F83F2826C833009AB085 /* todododo */,
			);
		};
/* End PBXProject section */

/* Begin PBXResourcesBuildPhase section */
		4962F83E2826C833009AB085 /* Resources */ = {
			isa = PBXResourcesBuildPhase;
			buildActionMask = 2147483647;
			files = (
				4962F8502826C83A009AB085 /* LaunchScreen.storyboard in Resources */,
				4962F84D2826C83A009AB085 /* Assets.xcassets in Resources */,
				4962F84B2826C833009AB085 /* Main.storyboard in Resources */,
			);
			runOnlyForDeploymentPostprocessing = 0;
		};
/* End PBXResourcesBuildPhase section */

/* Begin PBXShellScriptBuildPhase section */
		7DFECAD5769F55AFDACB537A /* [CP] Check Pods Manifest.lock */ = {
			isa = PBXShellScriptBuildPhase;
			buildActionMask = 2147483647;
			files = (
			);
			inputFileListPaths = (
			);
			inputPaths = (
				"${PODS_PODFILE_DIR_PATH}/Podfile.lock",
				"${PODS_ROOT}/Manifest.lock",
			);
			name = "[CP] Check Pods Manifest.lock";
			outputFileListPaths = (
			);
			outputPaths = (
				"$(DERIVED_FILE_DIR)/Pods-todododo-checkManifestLockResult.txt",
			);
			runOnlyForDeploymentPostprocessing = 0;
			shellPath = /bin/sh;
			shellScript = "diff \"${PODS_PODFILE_DIR_PATH}/Podfile.lock\" \"${PODS_ROOT}/Manifest.lock\" > /dev/null\nif [ $? != 0 ] ; then\n    # print error to STDERR\n    echo \"error: The sandbox is not in sync with the Podfile.lock. Run 'pod install' or update your CocoaPods installation.\" >&2\n    exit 1\nfi\n# This output is used by Xcode 'outputs' to avoid re-running this script phase.\necho \"SUCCESS\" > \"${SCRIPT_OUTPUT_FILE_0}\"\n";
			showEnvVarsInLog = 0;
		};
		C1206ADB99BD7A5B58C931DC /* [CP] Embed Pods Frameworks */ = {
			isa = PBXShellScriptBuildPhase;
			buildActionMask = 2147483647;
			files = (
			);
			inputFileListPaths = (
				"${PODS_ROOT}/Target Support Files/Pods-todododo/Pods-todododo-frameworks-${CONFIGURATION}-input-files.xcfilelist",
			);
			name = "[CP] Embed Pods Frameworks";
			outputFileListPaths = (
				"${PODS_ROOT}/Target Support Files/Pods-todododo/Pods-todododo-frameworks-${CONFIGURATION}-output-files.xcfilelist",
			);
			runOnlyForDeploymentPostprocessing = 0;
			shellPath = /bin/sh;
			shellScript = "\"${PODS_ROOT}/Target Support Files/Pods-todododo/Pods-todododo-frameworks.sh\"\n";
			showEnvVarsInLog = 0;
		};
/* End PBXShellScriptBuildPhase section */

/* Begin PBXSourcesBuildPhase section */
		4962F83C2826C833009AB085 /* Sources */ = {
			isa = PBXSourcesBuildPhase;
			buildActionMask = 2147483647;
			files = (
				4962F8482826C833009AB085 /* CategoryViewController.swift in Sources */,
				4962F8442826C833009AB085 /* AppDelegate.swift in Sources */,
				4962F85A2826C8D9009AB085 /* ItemViewController.swift in Sources */,
				4962F8462826C833009AB085 /* SceneDelegate.swift in Sources */,
				4962F8642826CF56009AB085 /* Item.swift in Sources */,
				4962F85F2826CC16009AB085 /* SwipeTableViewController.swift in Sources */,
				4962F8582826C88F009AB085 /* Constants.swift in Sources */,
				4962F8622826CF40009AB085 /* Category.swift in Sources */,
			);
			runOnlyForDeploymentPostprocessing = 0;
		};
/* End PBXSourcesBuildPhase section */

/* Begin PBXVariantGroup section */
		4962F8492826C833009AB085 /* Main.storyboard */ = {
			isa = PBXVariantGroup;
			children = (
				4962F84A2826C833009AB085 /* Base */,
			);
			name = Main.storyboard;
			sourceTree = "<group>";
		};
		4962F84E2826C83A009AB085 /* LaunchScreen.storyboard */ = {
			isa = PBXVariantGroup;
			children = (
				4962F84F2826C83A009AB085 /* Base */,
			);
			name = LaunchScreen.storyboard;
			sourceTree = "<group>";
		};
/* End PBXVariantGroup section */

/* Begin XCBuildConfiguration section */
		4962F8522826C83A009AB085 /* Debug */ = {
			isa = XCBuildConfiguration;
			buildSettings = {
				ALWAYS_SEARCH_USER_PATHS = NO;
				CLANG_ANALYZER_NONNULL = YES;
				CLANG_ANALYZER_NUMBER_OBJECT_CONVERSION = YES_AGGRESSIVE;
				CLANG_CXX_LANGUAGE_STANDARD = "gnu++17";
				CLANG_CXX_LIBRARY = "libc++";
				CLANG_ENABLE_MODULES = YES;
				CLANG_ENABLE_OBJC_ARC = YES;
				CLANG_ENABLE_OBJC_WEAK = YES;
				CLANG_WARN_BLOCK_CAPTURE_AUTORELEASING = YES;
				CLANG_WARN_BOOL_CONVERSION = YES;
				CLANG_WARN_COMMA = YES;
				CLANG_WARN_CONSTANT_CONVERSION = YES;
				CLANG_WARN_DEPRECATED_OBJC_IMPLEMENTATIONS = YES;
				CLANG_WARN_DIRECT_OBJC_ISA_USAGE = YES_ERROR;
				CLANG_WARN_DOCUMENTATION_COMMENTS = YES;
				CLANG_WARN_EMPTY_BODY = YES;
				CLANG_WARN_ENUM_CONVERSION = YES;
				CLANG_WARN_INFINITE_RECURSION = YES;
				CLANG_WARN_INT_CONVERSION = YES;
				CLANG_WARN_NON_LITERAL_NULL_CONVERSION = YES;
				CLANG_WARN_OBJC_IMPLICIT_RETAIN_SELF = YES;
				CLANG_WARN_OBJC_LITERAL_CONVERSION = YES;
				CLANG_WARN_OBJC_ROOT_CLASS = YES_ERROR;
				CLANG_WARN_QUOTED_INCLUDE_IN_FRAMEWORK_HEADER = YES;
				CLANG_WARN_RANGE_LOOP_ANALYSIS = YES;
				CLANG_WARN_STRICT_PROTOTYPES = YES;
				CLANG_WARN_SUSPICIOUS_MOVE = YES;
				CLANG_WARN_UNGUARDED_AVAILABILITY = YES_AGGRESSIVE;
				CLANG_WARN_UNREACHABLE_CODE = YES;
				CLANG_WARN__DUPLICATE_METHOD_MATCH = YES;
				COPY_PHASE_STRIP = NO;
				DEBUG_INFORMATION_FORMAT = dwarf;
				ENABLE_STRICT_OBJC_MSGSEND = YES;
				ENABLE_TESTABILITY = YES;
				GCC_C_LANGUAGE_STANDARD = gnu11;
				GCC_DYNAMIC_NO_PIC = NO;
				GCC_NO_COMMON_BLOCKS = YES;
				GCC_OPTIMIZATION_LEVEL = 0;
				GCC_PREPROCESSOR_DEFINITIONS = (
					"DEBUG=1",
					"$(inherited)",
				);
				GCC_WARN_64_TO_32_BIT_CONVERSION = YES;
				GCC_WARN_ABOUT_RETURN_TYPE = YES_ERROR;
				GCC_WARN_UNDECLARED_SELECTOR = YES;
				GCC_WARN_UNINITIALIZED_AUTOS = YES_AGGRESSIVE;
				GCC_WARN_UNUSED_FUNCTION = YES;
				GCC_WARN_UNUSED_VARIABLE = YES;
				IPHONEOS_DEPLOYMENT_TARGET = 15.2;
				MTL_ENABLE_DEBUG_INFO = INCLUDE_SOURCE;
				MTL_FAST_MATH = YES;
				ONLY_ACTIVE_ARCH = YES;
				SDKROOT = iphoneos;
				SWIFT_ACTIVE_COMPILATION_CONDITIONS = DEBUG;
				SWIFT_OPTIMIZATION_LEVEL = "-Onone";
			};
			name = Debug;
		};
		4962F8532826C83A009AB085 /* Release */ = {
			isa = XCBuildConfiguration;
			buildSettings = {
				ALWAYS_SEARCH_USER_PATHS = NO;
				CLANG_ANALYZER_NONNULL = YES;
				CLANG_ANALYZER_NUMBER_OBJECT_CONVERSION = YES_AGGRESSIVE;
				CLANG_CXX_LANGUAGE_STANDARD = "gnu++17";
				CLANG_CXX_LIBRARY = "libc++";
				CLANG_ENABLE_MODULES = YES;
				CLANG_ENABLE_OBJC_ARC = YES;
				CLANG_ENABLE_OBJC_WEAK = YES;
				CLANG_WARN_BLOCK_CAPTURE_AUTORELEASING = YES;
				CLANG_WARN_BOOL_CONVERSION = YES;
				CLANG_WARN_COMMA = YES;
				CLANG_WARN_CONSTANT_CONVERSION = YES;
				CLANG_WARN_DEPRECATED_OBJC_IMPLEMENTATIONS = YES;
				CLANG_WARN_DIRECT_OBJC_ISA_USAGE = YES_ERROR;
				CLANG_WARN_DOCUMENTATION_COMMENTS = YES;
				CLANG_WARN_EMPTY_BODY = YES;
				CLANG_WARN_ENUM_CONVERSION = YES;
				CLANG_WARN_INFINITE_RECURSION = YES;
				CLANG_WARN_INT_CONVERSION = YES;
				CLANG_WARN_NON_LITERAL_NULL_CONVERSION = YES;
				CLANG_WARN_OBJC_IMPLICIT_RETAIN_SELF = YES;
				CLANG_WARN_OBJC_LITERAL_CONVERSION = YES;
				CLANG_WARN_OBJC_ROOT_CLASS = YES_ERROR;
				CLANG_WARN_QUOTED_INCLUDE_IN_FRAMEWORK_HEADER = YES;
				CLANG_WARN_RANGE_LOOP_ANALYSIS = YES;
				CLANG_WARN_STRICT_PROTOTYPES = YES;
				CLANG_WARN_SUSPICIOUS_MOVE = YES;
				CLANG_WARN_UNGUARDED_AVAILABILITY = YES_AGGRESSIVE;
				CLANG_WARN_UNREACHABLE_CODE = YES;
				CLANG_WARN__DUPLICATE_METHOD_MATCH = YES;
				COPY_PHASE_STRIP = NO;
				DEBUG_INFORMATION_FORMAT = "dwarf-with-dsym";
				ENABLE_NS_ASSERTIONS = NO;
				ENABLE_STRICT_OBJC_MSGSEND = YES;
				GCC_C_LANGUAGE_STANDARD = gnu11;
				GCC_NO_COMMON_BLOCKS = YES;
				GCC_WARN_64_TO_32_BIT_CONVERSION = YES;
				GCC_WARN_ABOUT_RETURN_TYPE = YES_ERROR;
				GCC_WARN_UNDECLARED_SELECTOR = YES;
				GCC_WARN_UNINITIALIZED_AUTOS = YES_AGGRESSIVE;
				GCC_WARN_UNUSED_FUNCTION = YES;
				GCC_WARN_UNUSED_VARIABLE = YES;
				IPHONEOS_DEPLOYMENT_TARGET = 15.2;
				MTL_ENABLE_DEBUG_INFO = NO;
				MTL_FAST_MATH = YES;
				SDKROOT = iphoneos;
				SWIFT_COMPILATION_MODE = wholemodule;
				SWIFT_OPTIMIZATION_LEVEL = "-O";
				VALIDATE_PRODUCT = YES;
			};
			name = Release;
		};
		4962F8552826C83A009AB085 /* Debug */ = {
			isa = XCBuildConfiguration;
			baseConfigurationReference = 3D4D7F82A3AA1A8DFDC3B944 /* Pods-todododo.debug.xcconfig */;
			buildSettings = {
				ASSETCATALOG_COMPILER_APPICON_NAME = AppIcon;
				ASSETCATALOG_COMPILER_GLOBAL_ACCENT_COLOR_NAME = AccentColor;
				CODE_SIGN_STYLE = Automatic;
				CURRENT_PROJECT_VERSION = 1;
				DEVELOPMENT_TEAM = 5FHRCZ4748;
				GENERATE_INFOPLIST_FILE = YES;
				INFOPLIST_FILE = todododo/Info.plist;
				INFOPLIST_KEY_UIApplicationSupportsIndirectInputEvents = YES;
				INFOPLIST_KEY_UILaunchStoryboardName = LaunchScreen;
				INFOPLIST_KEY_UIMainStoryboardFile = Main;
				INFOPLIST_KEY_UISupportedInterfaceOrientations_iPad = "UIInterfaceOrientationPortrait UIInterfaceOrientationPortraitUpsideDown UIInterfaceOrientationLandscapeLeft UIInterfaceOrientationLandscapeRight";
				INFOPLIST_KEY_UISupportedInterfaceOrientations_iPhone = "UIInterfaceOrientationPortrait UIInterfaceOrientationLandscapeLeft UIInterfaceOrientationLandscapeRight";
				IPHONEOS_DEPLOYMENT_TARGET = 13.0;
				LD_RUNPATH_SEARCH_PATHS = (
					"$(inherited)",
					"@executable_path/Frameworks",
				);
				MARKETING_VERSION = 1.0;
				PRODUCT_BUNDLE_IDENTIFIER = josty11.todododo;
				PRODUCT_NAME = "$(TARGET_NAME)";
				SWIFT_EMIT_LOC_STRINGS = YES;
				SWIFT_VERSION = 5.0;
				TARGETED_DEVICE_FAMILY = "1,2";
			};
			name = Debug;
		};
		4962F8562826C83A009AB085 /* Release */ = {
			isa = XCBuildConfiguration;
			baseConfigurationReference = 440FE839429CA21164C821D2 /* Pods-todododo.release.xcconfig */;
			buildSettings = {
				ASSETCATALOG_COMPILER_APPICON_NAME = AppIcon;
				ASSETCATALOG_COMPILER_GLOBAL_ACCENT_COLOR_NAME = AccentColor;
				CODE_SIGN_STYLE = Automatic;
				CURRENT_PROJECT_VERSION = 1;
				DEVELOPMENT_TEAM = 5FHRCZ4748;
				GENERATE_INFOPLIST_FILE = YES;
				INFOPLIST_FILE = todododo/Info.plist;
				INFOPLIST_KEY_UIApplicationSupportsIndirectInputEvents = YES;
				INFOPLIST_KEY_UILaunchStoryboardName = LaunchScreen;
				INFOPLIST_KEY_UIMainStoryboardFile = Main;
				INFOPLIST_KEY_UISupportedInterfaceOrientations_iPad = "UIInterfaceOrientationPortrait UIInterfaceOrientationPortraitUpsideDown UIInterfaceOrientationLandscapeLeft UIInterfaceOrientationLandscapeRight";
				INFOPLIST_KEY_UISupportedInterfaceOrientations_iPhone = "UIInterfaceOrientationPortrait UIInterfaceOrientationLandscapeLeft UIInterfaceOrientationLandscapeRight";
				IPHONEOS_DEPLOYMENT_TARGET = 13.0;
				LD_RUNPATH_SEARCH_PATHS = (
					"$(inherited)",
					"@executable_path/Frameworks",
				);
				MARKETING_VERSION = 1.0;
				PRODUCT_BUNDLE_IDENTIFIER = josty11.todododo;
				PRODUCT_NAME = "$(TARGET_NAME)";
				SWIFT_EMIT_LOC_STRINGS = YES;
				SWIFT_VERSION = 5.0;
				TARGETED_DEVICE_FAMILY = "1,2";
			};
			name = Release;
		};
/* End XCBuildConfiguration section */

/* Begin XCConfigurationList section */
		4962F83B2826C833009AB085 /* Build configuration list for PBXProject "todododo" */ = {
			isa = XCConfigurationList;
			buildConfigurations = (
				4962F8522826C83A009AB085 /* Debug */,
				4962F8532826C83A009AB085 /* Release */,
			);
			defaultConfigurationIsVisible = 0;
			defaultConfigurationName = Release;
		};
		4962F8542826C83A009AB085 /* Build configuration list for PBXNativeTarget "todododo" */ = {
			isa = XCConfigurationList;
			buildConfigurations = (
				4962F8552826C83A009AB085 /* Debug */,
				4962F8562826C83A009AB085 /* Release */,
			);
			defaultConfigurationIsVisible = 0;
			defaultConfigurationName = Release;
		};
/* End XCConfigurationList section */
	};
	rootObject = 4962F8382826C833009AB085 /* Project object */;
}
